
Microsoft Visual Studio Solution File, Format Version 12.00
# Visual Studio 15
VisualStudioVersion = 15.0.28010.2050
MinimumVisualStudioVersion = 10.0.40219.1
Project("{FAE04EC0-301F-11D3-BF4B-00C04F79EFBC}") = "SoftUni", "SoftUni\SoftUni.csproj", "{2289FA61-3E8A-41F0-9B01-316F53E0EBBB}"
EndProject
Global
	GlobalSection(SolutionConfigurationPlatforms) = preSolution
		Debug|Any CPU = Debug|Any CPU
		Release|Any CPU = Release|Any CPU
	EndGlobalSection
	GlobalSection(ProjectConfigurationPlatforms) = postSolution
		{2289FA61-3E8A-41F0-9B01-316F53E0EBBB}.Debug|Any CPU.ActiveCfg = Debug|Any CPU
		{2289FA61-3E8A-41F0-9B01-316F53E0EBBB}.Debug|Any CPU.Build.0 = Debug|Any CPU
		{2289FA61-3E8A-41F0-9B01-316F53E0EBBB}.Release|Any CPU.ActiveCfg = Release|Any CPU
		{2289FA61-3E8A-41F0-9B01-316F53E0EBBB}.Release|Any CPU.Build.0 = Release|Any CPU
	EndGlobalSection
	GlobalSection(SolutionProperties) = preSolution
		HideSolutionNode = FALSE
	EndGlobalSection
	GlobalSection(ExtensibilityGlobals) = postSolution
		SolutionGuid = {C736DB0E-6B60-47BE-B284-C2F61CE62F80}
	EndGlobalSection
EndGlobal
